// !$*UTF8*$!
{
	archiveVersion = 1;
	classes = {
	};
	objectVersion = 46;
	objects = {

/* Begin PBXBuildFile section */
		C7CB5F79C92356CCA2D11B9E /* Pods_IndoorMap.framework in Frameworks */ = {isa = PBXBuildFile; fileRef = 0C26C4FF338B0450180AE4DE /* Pods_IndoorMap.framework */; };
		DBB760AC1F01EE08005EB98C /* AppDelegate.swift in Sources */ = {isa = PBXBuildFile; fileRef = DBB760AB1F01EE08005EB98C /* AppDelegate.swift */; };
		DBB760B11F01EE08005EB98C /* Main.storyboard in Resources */ = {isa = PBXBuildFile; fileRef = DBB760AF1F01EE08005EB98C /* Main.storyboard */; };
		DBB760B31F01EE08005EB98C /* Assets.xcassets in Resources */ = {isa = PBXBuildFile; fileRef = DBB760B21F01EE08005EB98C /* Assets.xcassets */; };
		DBB760B61F01EE08005EB98C /* LaunchScreen.storyboard in Resources */ = {isa = PBXBuildFile; fileRef = DBB760B41F01EE08005EB98C /* LaunchScreen.storyboard */; };
		DBB760C11F01EE08005EB98C /* IndoorMapTests.swift in Sources */ = {isa = PBXBuildFile; fileRef = DBB760C01F01EE08005EB98C /* IndoorMapTests.swift */; };
		DBB760CC1F01EE08005EB98C /* IndoorMapUITests.swift in Sources */ = {isa = PBXBuildFile; fileRef = DBB760CB1F01EE08005EB98C /* IndoorMapUITests.swift */; };
		DBB760DA1F01F590005EB98C /* Const.swift in Sources */ = {isa = PBXBuildFile; fileRef = DBB760D91F01F590005EB98C /* Const.swift */; };
		DBB760E11F01F598005EB98C /* BaseModel.swift in Sources */ = {isa = PBXBuildFile; fileRef = DBB760DC1F01F598005EB98C /* BaseModel.swift */; };
		DBB760E21F01F598005EB98C /* BaseNavigationController.swift in Sources */ = {isa = PBXBuildFile; fileRef = DBB760DD1F01F598005EB98C /* BaseNavigationController.swift */; };
		DBB760E31F01F598005EB98C /* BaseViewController.swift in Sources */ = {isa = PBXBuildFile; fileRef = DBB760DE1F01F598005EB98C /* BaseViewController.swift */; };
		DBB760E41F01F598005EB98C /* BaseViewModel.swift in Sources */ = {isa = PBXBuildFile; fileRef = DBB760DF1F01F598005EB98C /* BaseViewModel.swift */; };
		DBB760E51F01F598005EB98C /* BaseWKWebViewController.swift in Sources */ = {isa = PBXBuildFile; fileRef = DBB760E01F01F598005EB98C /* BaseWKWebViewController.swift */; };
		DBB761161F01F7D8005EB98C /* HomeViewController.swift in Sources */ = {isa = PBXBuildFile; fileRef = DBB761151F01F7D8005EB98C /* HomeViewController.swift */; };
		DBB761191F0235CA005EB98C /* SearchBarView.swift in Sources */ = {isa = PBXBuildFile; fileRef = DBB761181F0235CA005EB98C /* SearchBarView.swift */; };
		DBB761201F0240A2005EB98C /* SearchViewController.swift in Sources */ = {isa = PBXBuildFile; fileRef = DBB7611F1F0240A2005EB98C /* SearchViewController.swift */; };
/* End PBXBuildFile section */

/* Begin PBXContainerItemProxy section */
		DBB760BD1F01EE08005EB98C /* PBXContainerItemProxy */ = {
			isa = PBXContainerItemProxy;
			containerPortal = DBB760A01F01EE07005EB98C /* Project object */;
			proxyType = 1;
			remoteGlobalIDString = DBB760A71F01EE07005EB98C;
			remoteInfo = IndoorMap;
		};
		DBB760C81F01EE08005EB98C /* PBXContainerItemProxy */ = {
			isa = PBXContainerItemProxy;
			containerPortal = DBB760A01F01EE07005EB98C /* Project object */;
			proxyType = 1;
			remoteGlobalIDString = DBB760A71F01EE07005EB98C;
			remoteInfo = IndoorMap;
		};
/* End PBXContainerItemProxy section */

/* Begin PBXFileReference section */
		0C26C4FF338B0450180AE4DE /* Pods_IndoorMap.framework */ = {isa = PBXFileReference; explicitFileType = wrapper.framework; includeInIndex = 0; path = Pods_IndoorMap.framework; sourceTree = BUILT_PRODUCTS_DIR; };
		B2B05EC54C22AD67DB9FF4B2 /* Pods-IndoorMap.release.xcconfig */ = {isa = PBXFileReference; includeInIndex = 1; lastKnownFileType = text.xcconfig; name = "Pods-IndoorMap.release.xcconfig"; path = "Pods/Target Support Files/Pods-IndoorMap/Pods-IndoorMap.release.xcconfig"; sourceTree = "<group>"; };
		DB1E063D6DCB1C3A0AA15C80 /* Pods-IndoorMap.debug.xcconfig */ = {isa = PBXFileReference; includeInIndex = 1; lastKnownFileType = text.xcconfig; name = "Pods-IndoorMap.debug.xcconfig"; path = "Pods/Target Support Files/Pods-IndoorMap/Pods-IndoorMap.debug.xcconfig"; sourceTree = "<group>"; };
		DBB760A81F01EE08005EB98C /* IndoorMap.app */ = {isa = PBXFileReference; explicitFileType = wrapper.application; includeInIndex = 0; path = IndoorMap.app; sourceTree = BUILT_PRODUCTS_DIR; };
		DBB760AB1F01EE08005EB98C /* AppDelegate.swift */ = {isa = PBXFileReference; lastKnownFileType = sourcecode.swift; path = AppDelegate.swift; sourceTree = "<group>"; };
		DBB760B01F01EE08005EB98C /* Base */ = {isa = PBXFileReference; lastKnownFileType = file.storyboard; name = Base; path = Base.lproj/Main.storyboard; sourceTree = "<group>"; };
		DBB760B21F01EE08005EB98C /* Assets.xcassets */ = {isa = PBXFileReference; lastKnownFileType = folder.assetcatalog; path = Assets.xcassets; sourceTree = "<group>"; };
		DBB760B51F01EE08005EB98C /* Base */ = {isa = PBXFileReference; lastKnownFileType = file.storyboard; name = Base; path = Base.lproj/LaunchScreen.storyboard; sourceTree = "<group>"; };
		DBB760B71F01EE08005EB98C /* Info.plist */ = {isa = PBXFileReference; lastKnownFileType = text.plist.xml; path = Info.plist; sourceTree = "<group>"; };
		DBB760BC1F01EE08005EB98C /* IndoorMapTests.xctest */ = {isa = PBXFileReference; explicitFileType = wrapper.cfbundle; includeInIndex = 0; path = IndoorMapTests.xctest; sourceTree = BUILT_PRODUCTS_DIR; };
		DBB760C01F01EE08005EB98C /* IndoorMapTests.swift */ = {isa = PBXFileReference; lastKnownFileType = sourcecode.swift; path = IndoorMapTests.swift; sourceTree = "<group>"; };
		DBB760C21F01EE08005EB98C /* Info.plist */ = {isa = PBXFileReference; lastKnownFileType = text.plist.xml; path = Info.plist; sourceTree = "<group>"; };
		DBB760C71F01EE08005EB98C /* IndoorMapUITests.xctest */ = {isa = PBXFileReference; explicitFileType = wrapper.cfbundle; includeInIndex = 0; path = IndoorMapUITests.xctest; sourceTree = BUILT_PRODUCTS_DIR; };
		DBB760CB1F01EE08005EB98C /* IndoorMapUITests.swift */ = {isa = PBXFileReference; lastKnownFileType = sourcecode.swift; path = IndoorMapUITests.swift; sourceTree = "<group>"; };
		DBB760CD1F01EE08005EB98C /* Info.plist */ = {isa = PBXFileReference; lastKnownFileType = text.plist.xml; path = Info.plist; sourceTree = "<group>"; };
		DBB760D91F01F590005EB98C /* Const.swift */ = {isa = PBXFileReference; fileEncoding = 4; lastKnownFileType = sourcecode.swift; path = Const.swift; sourceTree = "<group>"; };
		DBB760DC1F01F598005EB98C /* BaseModel.swift */ = {isa = PBXFileReference; fileEncoding = 4; lastKnownFileType = sourcecode.swift; path = BaseModel.swift; sourceTree = "<group>"; };
		DBB760DD1F01F598005EB98C /* BaseNavigationController.swift */ = {isa = PBXFileReference; fileEncoding = 4; lastKnownFileType = sourcecode.swift; path = BaseNavigationController.swift; sourceTree = "<group>"; };
		DBB760DE1F01F598005EB98C /* BaseViewController.swift */ = {isa = PBXFileReference; fileEncoding = 4; lastKnownFileType = sourcecode.swift; path = BaseViewController.swift; sourceTree = "<group>"; };
		DBB760DF1F01F598005EB98C /* BaseViewModel.swift */ = {isa = PBXFileReference; fileEncoding = 4; lastKnownFileType = sourcecode.swift; path = BaseViewModel.swift; sourceTree = "<group>"; };
		DBB760E01F01F598005EB98C /* BaseWKWebViewController.swift */ = {isa = PBXFileReference; fileEncoding = 4; lastKnownFileType = sourcecode.swift; path = BaseWKWebViewController.swift; sourceTree = "<group>"; };
		DBB761151F01F7D8005EB98C /* HomeViewController.swift */ = {isa = PBXFileReference; fileEncoding = 4; lastKnownFileType = sourcecode.swift; path = HomeViewController.swift; sourceTree = "<group>"; };
		DBB761171F01FDD4005EB98C /* Swift-Bridging-Header.h */ = {isa = PBXFileReference; fileEncoding = 4; lastKnownFileType = sourcecode.c.h; path = "Swift-Bridging-Header.h"; sourceTree = "<group>"; };
		DBB761181F0235CA005EB98C /* SearchBarView.swift */ = {isa = PBXFileReference; fileEncoding = 4; lastKnownFileType = sourcecode.swift; path = SearchBarView.swift; sourceTree = "<group>"; };
		DBB7611F1F0240A2005EB98C /* SearchViewController.swift */ = {isa = PBXFileReference; fileEncoding = 4; lastKnownFileType = sourcecode.swift; path = SearchViewController.swift; sourceTree = "<group>"; };
/* End PBXFileReference section */

/* Begin PBXFrameworksBuildPhase section */
		DBB760A51F01EE07005EB98C /* Frameworks */ = {
			isa = PBXFrameworksBuildPhase;
			buildActionMask = 2147483647;
			files = (
				C7CB5F79C92356CCA2D11B9E /* Pods_IndoorMap.framework in Frameworks */,
			);
			runOnlyForDeploymentPostprocessing = 0;
		};
		DBB760B91F01EE08005EB98C /* Frameworks */ = {
			isa = PBXFrameworksBuildPhase;
			buildActionMask = 2147483647;
			files = (
			);
			runOnlyForDeploymentPostprocessing = 0;
		};
		DBB760C41F01EE08005EB98C /* Frameworks */ = {
			isa = PBXFrameworksBuildPhase;
			buildActionMask = 2147483647;
			files = (
			);
			runOnlyForDeploymentPostprocessing = 0;
		};
/* End PBXFrameworksBuildPhase section */

/* Begin PBXGroup section */
		AE2B98CF04756F7B5159D3CB /* Frameworks */ = {
			isa = PBXGroup;
			children = (
				0C26C4FF338B0450180AE4DE /* Pods_IndoorMap.framework */,
			);
			name = Frameworks;
			sourceTree = "<group>";
		};
		BD7929B833006275636B05E1 /* Pods */ = {
			isa = PBXGroup;
			children = (
				DB1E063D6DCB1C3A0AA15C80 /* Pods-IndoorMap.debug.xcconfig */,
				B2B05EC54C22AD67DB9FF4B2 /* Pods-IndoorMap.release.xcconfig */,
			);
			name = Pods;
			sourceTree = "<group>";
		};
		DBB7609F1F01EE07005EB98C = {
			isa = PBXGroup;
			children = (
				DBB760AA1F01EE08005EB98C /* IndoorMap */,
				DBB760BF1F01EE08005EB98C /* IndoorMapTests */,
				DBB760CA1F01EE08005EB98C /* IndoorMapUITests */,
				DBB760A91F01EE08005EB98C /* Products */,
				BD7929B833006275636B05E1 /* Pods */,
				AE2B98CF04756F7B5159D3CB /* Frameworks */,
			);
			sourceTree = "<group>";
		};
		DBB760A91F01EE08005EB98C /* Products */ = {
			isa = PBXGroup;
			children = (
				DBB760A81F01EE08005EB98C /* IndoorMap.app */,
				DBB760BC1F01EE08005EB98C /* IndoorMapTests.xctest */,
				DBB760C71F01EE08005EB98C /* IndoorMapUITests.xctest */,
			);
			name = Products;
			sourceTree = "<group>";
		};
		DBB760AA1F01EE08005EB98C /* IndoorMap */ = {
			isa = PBXGroup;
			children = (
				DBB760AB1F01EE08005EB98C /* AppDelegate.swift */,
				DBB760D91F01F590005EB98C /* Const.swift */,
				DBB760AF1F01EE08005EB98C /* Main.storyboard */,
				DBB761171F01FDD4005EB98C /* Swift-Bridging-Header.h */,
				DBB760DB1F01F598005EB98C /* Base */,
				DBB760E61F01F5A7005EB98C /* Medule */,
				DBB760B21F01EE08005EB98C /* Assets.xcassets */,
				DBB760B41F01EE08005EB98C /* LaunchScreen.storyboard */,
				DBB760B71F01EE08005EB98C /* Info.plist */,
			);
			path = IndoorMap;
			sourceTree = "<group>";
		};
		DBB760BF1F01EE08005EB98C /* IndoorMapTests */ = {
			isa = PBXGroup;
			children = (
				DBB760C01F01EE08005EB98C /* IndoorMapTests.swift */,
				DBB760C21F01EE08005EB98C /* Info.plist */,
			);
			path = IndoorMapTests;
			sourceTree = "<group>";
		};
		DBB760CA1F01EE08005EB98C /* IndoorMapUITests */ = {
			isa = PBXGroup;
			children = (
				DBB760CB1F01EE08005EB98C /* IndoorMapUITests.swift */,
				DBB760CD1F01EE08005EB98C /* Info.plist */,
			);
			path = IndoorMapUITests;
			sourceTree = "<group>";
		};
		DBB760DB1F01F598005EB98C /* Base */ = {
			isa = PBXGroup;
			children = (
				DBB760DC1F01F598005EB98C /* BaseModel.swift */,
				DBB760DD1F01F598005EB98C /* BaseNavigationController.swift */,
				DBB760DE1F01F598005EB98C /* BaseViewController.swift */,
				DBB760DF1F01F598005EB98C /* BaseViewModel.swift */,
				DBB760E01F01F598005EB98C /* BaseWKWebViewController.swift */,
			);
			path = Base;
			sourceTree = "<group>";
		};
		DBB760E61F01F5A7005EB98C /* Medule */ = {
			isa = PBXGroup;
			children = (
				DBB7611A1F024082005EB98C /* Search */,
				DBB761101F01F7C6005EB98C /* Home */,
			);
			path = Medule;
			sourceTree = "<group>";
		};
		DBB761101F01F7C6005EB98C /* Home */ = {
			isa = PBXGroup;
			children = (
				DBB761111F01F7C6005EB98C /* Model */,
				DBB761121F01F7C6005EB98C /* View */,
				DBB761131F01F7C6005EB98C /* ViewController */,
				DBB761141F01F7C6005EB98C /* ViewModel */,
			);
			path = Home;
			sourceTree = "<group>";
		};
		DBB761111F01F7C6005EB98C /* Model */ = {
			isa = PBXGroup;
			children = (
			);
			path = Model;
			sourceTree = "<group>";
		};
		DBB761121F01F7C6005EB98C /* View */ = {
			isa = PBXGroup;
			children = (
				DBB761181F0235CA005EB98C /* SearchBarView.swift */,
			);
			path = View;
			sourceTree = "<group>";
		};
		DBB761131F01F7C6005EB98C /* ViewController */ = {
			isa = PBXGroup;
			children = (
				DBB761151F01F7D8005EB98C /* HomeViewController.swift */,
			);
			path = ViewController;
			sourceTree = "<group>";
		};
		DBB761141F01F7C6005EB98C /* ViewModel */ = {
			isa = PBXGroup;
			children = (
			);
			path = ViewModel;
			sourceTree = "<group>";
		};
		DBB7611A1F024082005EB98C /* Search */ = {
			isa = PBXGroup;
			children = (
				DBB7611B1F024082005EB98C /* Model */,
				DBB7611C1F024082005EB98C /* View */,
				DBB7611D1F024082005EB98C /* ViewController */,
				DBB7611E1F024082005EB98C /* ViewModel */,
			);
			path = Search;
			sourceTree = "<group>";
		};
		DBB7611B1F024082005EB98C /* Model */ = {
			isa = PBXGroup;
			children = (
			);
			path = Model;
			sourceTree = "<group>";
		};
		DBB7611C1F024082005EB98C /* View */ = {
			isa = PBXGroup;
			children = (
			);
			path = View;
			sourceTree = "<group>";
		};
		DBB7611D1F024082005EB98C /* ViewController */ = {
			isa = PBXGroup;
			children = (
				DBB7611F1F0240A2005EB98C /* SearchViewController.swift */,
			);
			path = ViewController;
			sourceTree = "<group>";
		};
		DBB7611E1F024082005EB98C /* ViewModel */ = {
			isa = PBXGroup;
			children = (
			);
			path = ViewModel;
			sourceTree = "<group>";
		};
/* End PBXGroup section */

/* Begin PBXNativeTarget section */
		DBB760A71F01EE07005EB98C /* IndoorMap */ = {
			isa = PBXNativeTarget;
			buildConfigurationList = DBB760D01F01EE08005EB98C /* Build configuration list for PBXNativeTarget "IndoorMap" */;
			buildPhases = (
				9893924AEEBBDA9404F165EB /* [CP] Check Pods Manifest.lock */,
				DBB760A41F01EE07005EB98C /* Sources */,
				DBB760A51F01EE07005EB98C /* Frameworks */,
				DBB760A61F01EE07005EB98C /* Resources */,
				CC8E903434EF11A9C84B9513 /* [CP] Embed Pods Frameworks */,
				E10E169C96D03BC2E6C383D5 /* [CP] Copy Pods Resources */,
			);
			buildRules = (
			);
			dependencies = (
			);
			name = IndoorMap;
			productName = IndoorMap;
			productReference = DBB760A81F01EE08005EB98C /* IndoorMap.app */;
			productType = "com.apple.product-type.application";
		};
		DBB760BB1F01EE08005EB98C /* IndoorMapTests */ = {
			isa = PBXNativeTarget;
			buildConfigurationList = DBB760D31F01EE08005EB98C /* Build configuration list for PBXNativeTarget "IndoorMapTests" */;
			buildPhases = (
				DBB760B81F01EE08005EB98C /* Sources */,
				DBB760B91F01EE08005EB98C /* Frameworks */,
				DBB760BA1F01EE08005EB98C /* Resources */,
			);
			buildRules = (
			);
			dependencies = (
				DBB760BE1F01EE08005EB98C /* PBXTargetDependency */,
			);
			name = IndoorMapTests;
			productName = IndoorMapTests;
			productReference = DBB760BC1F01EE08005EB98C /* IndoorMapTests.xctest */;
			productType = "com.apple.product-type.bundle.unit-test";
		};
		DBB760C61F01EE08005EB98C /* IndoorMapUITests */ = {
			isa = PBXNativeTarget;
			buildConfigurationList = DBB760D61F01EE08005EB98C /* Build configuration list for PBXNativeTarget "IndoorMapUITests" */;
			buildPhases = (
				DBB760C31F01EE08005EB98C /* Sources */,
				DBB760C41F01EE08005EB98C /* Frameworks */,
				DBB760C51F01EE08005EB98C /* Resources */,
			);
			buildRules = (
			);
			dependencies = (
				DBB760C91F01EE08005EB98C /* PBXTargetDependency */,
			);
			name = IndoorMapUITests;
			productName = IndoorMapUITests;
			productReference = DBB760C71F01EE08005EB98C /* IndoorMapUITests.xctest */;
			productType = "com.apple.product-type.bundle.ui-testing";
		};
/* End PBXNativeTarget section */

/* Begin PBXProject section */
		DBB760A01F01EE07005EB98C /* Project object */ = {
			isa = PBXProject;
			attributes = {
				LastSwiftUpdateCheck = 0830;
				LastUpgradeCheck = 0830;
				ORGANIZATIONNAME = gjj;
				TargetAttributes = {
					DBB760A71F01EE07005EB98C = {
						CreatedOnToolsVersion = 8.3.3;
						ProvisioningStyle = Automatic;
					};
					DBB760BB1F01EE08005EB98C = {
						CreatedOnToolsVersion = 8.3.3;
						ProvisioningStyle = Automatic;
						TestTargetID = DBB760A71F01EE07005EB98C;
					};
					DBB760C61F01EE08005EB98C = {
						CreatedOnToolsVersion = 8.3.3;
						ProvisioningStyle = Automatic;
						TestTargetID = DBB760A71F01EE07005EB98C;
					};
				};
			};
			buildConfigurationList = DBB760A31F01EE07005EB98C /* Build configuration list for PBXProject "IndoorMap" */;
			compatibilityVersion = "Xcode 3.2";
			developmentRegion = English;
			hasScannedForEncodings = 0;
			knownRegions = (
				en,
				Base,
			);
			mainGroup = DBB7609F1F01EE07005EB98C;
			productRefGroup = DBB760A91F01EE08005EB98C /* Products */;
			projectDirPath = "";
			projectRoot = "";
			targets = (
				DBB760A71F01EE07005EB98C /* IndoorMap */,
				DBB760BB1F01EE08005EB98C /* IndoorMapTests */,
				DBB760C61F01EE08005EB98C /* IndoorMapUITests */,
			);
		};
/* End PBXProject section */

/* Begin PBXResourcesBuildPhase section */
		DBB760A61F01EE07005EB98C /* Resources */ = {
			isa = PBXResourcesBuildPhase;
			buildActionMask = 2147483647;
			files = (
				DBB760B61F01EE08005EB98C /* LaunchScreen.storyboard in Resources */,
				DBB760B31F01EE08005EB98C /* Assets.xcassets in Resources */,
				DBB760B11F01EE08005EB98C /* Main.storyboard in Resources */,
			);
			runOnlyForDeploymentPostprocessing = 0;
		};
		DBB760BA1F01EE08005EB98C /* Resources */ = {
			isa = PBXResourcesBuildPhase;
			buildActionMask = 2147483647;
			files = (
			);
			runOnlyForDeploymentPostprocessing = 0;
		};
		DBB760C51F01EE08005EB98C /* Resources */ = {
			isa = PBXResourcesBuildPhase;
			buildActionMask = 2147483647;
			files = (
			);
			runOnlyForDeploymentPostprocessing = 0;
		};
/* End PBXResourcesBuildPhase section */

/* Begin PBXShellScriptBuildPhase section */
		9893924AEEBBDA9404F165EB /* [CP] Check Pods Manifest.lock */ = {
			isa = PBXShellScriptBuildPhase;
			buildActionMask = 2147483647;
			files = (
			);
			inputPaths = (
			);
			name = "[CP] Check Pods Manifest.lock";
			outputPaths = (
			);
			runOnlyForDeploymentPostprocessing = 0;
			shellPath = /bin/sh;
			shellScript = "diff \"${PODS_ROOT}/../Podfile.lock\" \"${PODS_ROOT}/Manifest.lock\" > /dev/null\nif [ $? != 0 ] ; then\n    # print error to STDERR\n    echo \"error: The sandbox is not in sync with the Podfile.lock. Run 'pod install' or update your CocoaPods installation.\" >&2\n    exit 1\nfi\n";
			showEnvVarsInLog = 0;
		};
		CC8E903434EF11A9C84B9513 /* [CP] Embed Pods Frameworks */ = {
			isa = PBXShellScriptBuildPhase;
			buildActionMask = 2147483647;
			files = (
			);
			inputPaths = (
			);
			name = "[CP] Embed Pods Frameworks";
			outputPaths = (
			);
			runOnlyForDeploymentPostprocessing = 0;
			shellPath = /bin/sh;
			shellScript = "\"${SRCROOT}/Pods/Target Support Files/Pods-IndoorMap/Pods-IndoorMap-frameworks.sh\"\n";
			showEnvVarsInLog = 0;
		};
		E10E169C96D03BC2E6C383D5 /* [CP] Copy Pods Resources */ = {
			isa = PBXShellScriptBuildPhase;
			buildActionMask = 2147483647;
			files = (
			);
			inputPaths = (
			);
			name = "[CP] Copy Pods Resources";
			outputPaths = (
			);
			runOnlyForDeploymentPostprocessing = 0;
			shellPath = /bin/sh;
			shellScript = "\"${SRCROOT}/Pods/Target Support Files/Pods-IndoorMap/Pods-IndoorMap-resources.sh\"\n";
			showEnvVarsInLog = 0;
		};
/* End PBXShellScriptBuildPhase section */

/* Begin PBXSourcesBuildPhase section */
		DBB760A41F01EE07005EB98C /* Sources */ = {
			isa = PBXSourcesBuildPhase;
			buildActionMask = 2147483647;
			files = (
				DBB761201F0240A2005EB98C /* SearchViewController.swift in Sources */,
				DBB760AC1F01EE08005EB98C /* AppDelegate.swift in Sources */,
				DBB761191F0235CA005EB98C /* SearchBarView.swift in Sources */,
				DBB760E51F01F598005EB98C /* BaseWKWebViewController.swift in Sources */,
				DBB760E11F01F598005EB98C /* BaseModel.swift in Sources */,
				DBB760E41F01F598005EB98C /* BaseViewModel.swift in Sources */,
				DBB761161F01F7D8005EB98C /* HomeViewController.swift in Sources */,
				DBB760E21F01F598005EB98C /* BaseNavigationController.swift in Sources */,
				DBB760DA1F01F590005EB98C /* Const.swift in Sources */,
				DBB760E31F01F598005EB98C /* BaseViewController.swift in Sources */,
			);
			runOnlyForDeploymentPostprocessing = 0;
		};
		DBB760B81F01EE08005EB98C /* Sources */ = {
			isa = PBXSourcesBuildPhase;
			buildActionMask = 2147483647;
			files = (
				DBB760C11F01EE08005EB98C /* IndoorMapTests.swift in Sources */,
			);
			runOnlyForDeploymentPostprocessing = 0;
		};
		DBB760C31F01EE08005EB98C /* Sources */ = {
			isa = PBXSourcesBuildPhase;
			buildActionMask = 2147483647;
			files = (
				DBB760CC1F01EE08005EB98C /* IndoorMapUITests.swift in Sources */,
			);
			runOnlyForDeploymentPostprocessing = 0;
		};
/* End PBXSourcesBuildPhase section */

/* Begin PBXTargetDependency section */
		DBB760BE1F01EE08005EB98C /* PBXTargetDependency */ = {
			isa = PBXTargetDependency;
			target = DBB760A71F01EE07005EB98C /* IndoorMap */;
			targetProxy = DBB760BD1F01EE08005EB98C /* PBXContainerItemProxy */;
		};
		DBB760C91F01EE08005EB98C /* PBXTargetDependency */ = {
			isa = PBXTargetDependency;
			target = DBB760A71F01EE07005EB98C /* IndoorMap */;
			targetProxy = DBB760C81F01EE08005EB98C /* PBXContainerItemProxy */;
		};
/* End PBXTargetDependency section */

/* Begin PBXVariantGroup section */
		DBB760AF1F01EE08005EB98C /* Main.storyboard */ = {
			isa = PBXVariantGroup;
			children = (
				DBB760B01F01EE08005EB98C /* Base */,
			);
			name = Main.storyboard;
			sourceTree = "<group>";
		};
		DBB760B41F01EE08005EB98C /* LaunchScreen.storyboard */ = {
			isa = PBXVariantGroup;
			children = (
				DBB760B51F01EE08005EB98C /* Base */,
			);
			name = LaunchScreen.storyboard;
			sourceTree = "<group>";
		};
/* End PBXVariantGroup section */

/* Begin XCBuildConfiguration section */
		DBB760CE1F01EE08005EB98C /* Debug */ = {
			isa = XCBuildConfiguration;
			buildSettings = {
				ALWAYS_SEARCH_USER_PATHS = NO;
				CLANG_ANALYZER_NONNULL = YES;
				CLANG_ANALYZER_NUMBER_OBJECT_CONVERSION = YES_AGGRESSIVE;
				CLANG_CXX_LANGUAGE_STANDARD = "gnu++0x";
				CLANG_CXX_LIBRARY = "libc++";
				CLANG_ENABLE_MODULES = YES;
				CLANG_ENABLE_OBJC_ARC = YES;
				CLANG_WARN_BOOL_CONVERSION = YES;
				CLANG_WARN_CONSTANT_CONVERSION = YES;
				CLANG_WARN_DIRECT_OBJC_ISA_USAGE = YES_ERROR;
				CLANG_WARN_DOCUMENTATION_COMMENTS = YES;
				CLANG_WARN_EMPTY_BODY = YES;
				CLANG_WARN_ENUM_CONVERSION = YES;
				CLANG_WARN_INFINITE_RECURSION = YES;
				CLANG_WARN_INT_CONVERSION = YES;
				CLANG_WARN_OBJC_ROOT_CLASS = YES_ERROR;
				CLANG_WARN_SUSPICIOUS_MOVE = YES;
				CLANG_WARN_UNREACHABLE_CODE = YES;
				CLANG_WARN__DUPLICATE_METHOD_MATCH = YES;
				"CODE_SIGN_IDENTITY[sdk=iphoneos*]" = "iPhone Developer";
				COPY_PHASE_STRIP = NO;
				DEBUG_INFORMATION_FORMAT = dwarf;
				ENABLE_STRICT_OBJC_MSGSEND = YES;
				ENABLE_TESTABILITY = YES;
				GCC_C_LANGUAGE_STANDARD = gnu99;
				GCC_DYNAMIC_NO_PIC = NO;
				GCC_NO_COMMON_BLOCKS = YES;
				GCC_OPTIMIZATION_LEVEL = 0;
				GCC_PREPROCESSOR_DEFINITIONS = (
					"DEBUG=1",
					"$(inherited)",
				);
				GCC_WARN_64_TO_32_BIT_CONVERSION = YES;
				GCC_WARN_ABOUT_RETURN_TYPE = YES_ERROR;
				GCC_WARN_UNDECLARED_SELECTOR = YES;
				GCC_WARN_UNINITIALIZED_AUTOS = YES_AGGRESSIVE;
				GCC_WARN_UNUSED_FUNCTION = YES;
				GCC_WARN_UNUSED_VARIABLE = YES;
				IPHONEOS_DEPLOYMENT_TARGET = 10.3;
				MTL_ENABLE_DEBUG_INFO = YES;
				ONLY_ACTIVE_ARCH = YES;
				SDKROOT = iphoneos;
				SWIFT_ACTIVE_COMPILATION_CONDITIONS = DEBUG;
				SWIFT_OPTIMIZATION_LEVEL = "-Onone";
			};
			name = Debug;
		};
		DBB760CF1F01EE08005EB98C /* Release */ = {
			isa = XCBuildConfiguration;
			buildSettings = {
				ALWAYS_SEARCH_USER_PATHS = NO;
				CLANG_ANALYZER_NONNULL = YES;
				CLANG_ANALYZER_NUMBER_OBJECT_CONVERSION = YES_AGGRESSIVE;
				CLANG_CXX_LANGUAGE_STANDARD = "gnu++0x";
				CLANG_CXX_LIBRARY = "libc++";
				CLANG_ENABLE_MODULES = YES;
				CLANG_ENABLE_OBJC_ARC = YES;
				CLANG_WARN_BOOL_CONVERSION = YES;
				CLANG_WARN_CONSTANT_CONVERSION = YES;
				CLANG_WARN_DIRECT_OBJC_ISA_USAGE = YES_ERROR;
				CLANG_WARN_DOCUMENTATION_COMMENTS = YES;
				CLANG_WARN_EMPTY_BODY = YES;
				CLANG_WARN_ENUM_CONVERSION = YES;
				CLANG_WARN_INFINITE_RECURSION = YES;
				CLANG_WARN_INT_CONVERSION = YES;
				CLANG_WARN_OBJC_ROOT_CLASS = YES_ERROR;
				CLANG_WARN_SUSPICIOUS_MOVE = YES;
				CLANG_WARN_UNREACHABLE_CODE = YES;
				CLANG_WARN__DUPLICATE_METHOD_MATCH = YES;
				"CODE_SIGN_IDENTITY[sdk=iphoneos*]" = "iPhone Developer";
				COPY_PHASE_STRIP = NO;
				DEBUG_INFORMATION_FORMAT = "dwarf-with-dsym";
				ENABLE_NS_ASSERTIONS = NO;
				ENABLE_STRICT_OBJC_MSGSEND = YES;
				GCC_C_LANGUAGE_STANDARD = gnu99;
				GCC_NO_COMMON_BLOCKS = YES;
				GCC_WARN_64_TO_32_BIT_CONVERSION = YES;
				GCC_WARN_ABOUT_RETURN_TYPE = YES_ERROR;
				GCC_WARN_UNDECLARED_SELECTOR = YES;
				GCC_WARN_UNINITIALIZED_AUTOS = YES_AGGRESSIVE;
				GCC_WARN_UNUSED_FUNCTION = YES;
				GCC_WARN_UNUSED_VARIABLE = YES;
				IPHONEOS_DEPLOYMENT_TARGET = 10.3;
				MTL_ENABLE_DEBUG_INFO = NO;
				SDKROOT = iphoneos;
				SWIFT_OPTIMIZATION_LEVEL = "-Owholemodule";
				VALIDATE_PRODUCT = YES;
			};
			name = Release;
		};
		DBB760D11F01EE08005EB98C /* Debug */ = {
			isa = XCBuildConfiguration;
			baseConfigurationReference = DB1E063D6DCB1C3A0AA15C80 /* Pods-IndoorMap.debug.xcconfig */;
			buildSettings = {
				ASSETCATALOG_COMPILER_APPICON_NAME = AppIcon;
				INFOPLIST_FILE = IndoorMap/Info.plist;
				LD_RUNPATH_SEARCH_PATHS = "$(inherited) @executable_path/Frameworks";
				PRODUCT_BUNDLE_IDENTIFIER = com.gjj.IndoorMap;
				PRODUCT_NAME = "$(TARGET_NAME)";
				SWIFT_OBJC_BRIDGING_HEADER = "$(SRCROOT)/IndoorMap/Swift-Bridging-Header.h";
				SWIFT_VERSION = 3.0;
			};
			name = Debug;
		};
		DBB760D21F01EE08005EB98C /* Release */ = {
			isa = XCBuildConfiguration;
			baseConfigurationReference = B2B05EC54C22AD67DB9FF4B2 /* Pods-IndoorMap.release.xcconfig */;
			buildSettings = {
				ASSETCATALOG_COMPILER_APPICON_NAME = AppIcon;
				INFOPLIST_FILE = IndoorMap/Info.plist;
				LD_RUNPATH_SEARCH_PATHS = "$(inherited) @executable_path/Frameworks";
				PRODUCT_BUNDLE_IDENTIFIER = com.gjj.IndoorMap;
				PRODUCT_NAME = "$(TARGET_NAME)";
				SWIFT_OBJC_BRIDGING_HEADER = "$(SRCROOT)/IndoorMap/Swift-Bridging-Header.h";
				SWIFT_VERSION = 3.0;
			};
			name = Release;
		};
		DBB760D41F01EE08005EB98C /* Debug */ = {
			isa = XCBuildConfiguration;
			buildSettings = {
				ALWAYS_EMBED_SWIFT_STANDARD_LIBRARIES = YES;
				BUNDLE_LOADER = "$(TEST_HOST)";
				INFOPLIST_FILE = IndoorMapTests/Info.plist;
				LD_RUNPATH_SEARCH_PATHS = "$(inherited) @executable_path/Frameworks @loader_path/Frameworks";
				PRODUCT_BUNDLE_IDENTIFIER = gjj.IndoorMapTests;
				PRODUCT_NAME = "$(TARGET_NAME)";
				SWIFT_VERSION = 3.0;
				TEST_HOST = "$(BUILT_PRODUCTS_DIR)/IndoorMap.app/IndoorMap";
			};
			name = Debug;
		};
		DBB760D51F01EE08005EB98C /* Release */ = {
			isa = XCBuildConfiguration;
			buildSettings = {
				ALWAYS_EMBED_SWIFT_STANDARD_LIBRARIES = YES;
				BUNDLE_LOADER = "$(TEST_HOST)";
				INFOPLIST_FILE = IndoorMapTests/Info.plist;
				LD_RUNPATH_SEARCH_PATHS = "$(inherited) @executable_path/Frameworks @loader_path/Frameworks";
				PRODUCT_BUNDLE_IDENTIFIER = gjj.IndoorMapTests;
				PRODUCT_NAME = "$(TARGET_NAME)";
				SWIFT_VERSION = 3.0;
				TEST_HOST = "$(BUILT_PRODUCTS_DIR)/IndoorMap.app/IndoorMap";
			};
			name = Release;
		};
		DBB760D71F01EE08005EB98C /* Debug */ = {
			isa = XCBuildConfiguration;
			buildSettings = {
				ALWAYS_EMBED_SWIFT_STANDARD_LIBRARIES = YES;
				INFOPLIST_FILE = IndoorMapUITests/Info.plist;
				LD_RUNPATH_SEARCH_PATHS = "$(inherited) @executable_path/Frameworks @loader_path/Frameworks";
				PRODUCT_BUNDLE_IDENTIFIER = gjj.IndoorMapUITests;
				PRODUCT_NAME = "$(TARGET_NAME)";
				SWIFT_VERSION = 3.0;
				TEST_TARGET_NAME = IndoorMap;
			};
			name = Debug;
		};
		DBB760D81F01EE08005EB98C /* Release */ = {
			isa = XCBuildConfiguration;
			buildSettings = {
				ALWAYS_EMBED_SWIFT_STANDARD_LIBRARIES = YES;
				INFOPLIST_FILE = IndoorMapUITests/Info.plist;
				LD_RUNPATH_SEARCH_PATHS = "$(inherited) @executable_path/Frameworks @loader_path/Frameworks";
				PRODUCT_BUNDLE_IDENTIFIER = gjj.IndoorMapUITests;
				PRODUCT_NAME = "$(TARGET_NAME)";
				SWIFT_VERSION = 3.0;
				TEST_TARGET_NAME = IndoorMap;
			};
			name = Release;
		};
/* End XCBuildConfiguration section */

/* Begin XCConfigurationList section */
		DBB760A31F01EE07005EB98C /* Build configuration list for PBXProject "IndoorMap" */ = {
			isa = XCConfigurationList;
			buildConfigurations = (
				DBB760CE1F01EE08005EB98C /* Debug */,
				DBB760CF1F01EE08005EB98C /* Release */,
			);
			defaultConfigurationIsVisible = 0;
			defaultConfigurationName = Release;
		};
		DBB760D01F01EE08005EB98C /* Build configuration list for PBXNativeTarget "IndoorMap" */ = {
			isa = XCConfigurationList;
			buildConfigurations = (
				DBB760D11F01EE08005EB98C /* Debug */,
				DBB760D21F01EE08005EB98C /* Release */,
			);
			defaultConfigurationIsVisible = 0;
			defaultConfigurationName = Release;
		};
		DBB760D31F01EE08005EB98C /* Build configuration list for PBXNativeTarget "IndoorMapTests" */ = {
			isa = XCConfigurationList;
			buildConfigurations = (
				DBB760D41F01EE08005EB98C /* Debug */,
				DBB760D51F01EE08005EB98C /* Release */,
			);
			defaultConfigurationIsVisible = 0;
			defaultConfigurationName = Release;
		};
		DBB760D61F01EE08005EB98C /* Build configuration list for PBXNativeTarget "IndoorMapUITests" */ = {
			isa = XCConfigurationList;
			buildConfigurations = (
				DBB760D71F01EE08005EB98C /* Debug */,
				DBB760D81F01EE08005EB98C /* Release */,
			);
			defaultConfigurationIsVisible = 0;
			defaultConfigurationName = Release;
		};
/* End XCConfigurationList section */
	};
	rootObject = DBB760A01F01EE07005EB98C /* Project object */;
}
